# This file is autogenerated, do not edit; changes may be undone by the next 'dep ensure'.


[[projects]]
  branch = "master"
  name = "github.com/if1live/maya"
  packages = ["."]
  revision = "758bd00fba0265e2431599a8f9d9a09b1c629951"

[[projects]]
  name = "github.com/op/go-logging"
  packages = ["."]
  revision = "b2cb9fa56473e98db8caba80237377e83fe44db5"
  version = "v1"

[[projects]]
  name = "gopkg.in/yaml.v2"
  packages = ["."]
  revision = "7f97868eec74b32b0982dd158a51a446d1da7eb5"
  version = "v2.1.1"

[solve-meta]
  analyzer-name = "dep"
  analyzer-version = 1
  inputs-digest = "d24f42ab96320a49e0ab77ff2f52e2f5b42e5d58bfc0f74b227ff42ed3abde78"
  solver-name = "gps-cdcl"
  solver-version = 1
